
Microsoft Visual Studio Solution File, Format Version 12.00
# Visual Studio Version 16
VisualStudioVersion = 16.0.29102.190
MinimumVisualStudioVersion = 10.0.40219.1
Project("{9A19103F-16F7-4668-BE54-9A1E7A4F7556}") = "DigiturkBlog.Data", "DigiturkBlog.Data\DigiturkBlog.Data.csproj", "{AB74019D-79E2-435A-88A7-7E392EF30886}"
EndProject
Project("{FAE04EC0-301F-11D3-BF4B-00C04F79EFBC}") = "DigiturkBlog.Utility", "DigiturkBlog.Utility\DigiturkBlog.Utility.csproj", "{53B030DF-4502-4B8E-AC80-6659F23C6779}"
EndProject
Project("{FAE04EC0-301F-11D3-BF4B-00C04F79EFBC}") = "DigiturkBlog.API", "DigiturkBlog.API\DigiturkBlog.API.csproj", "{AAFA0976-E992-47F3-91EB-65B8879D0F88}"
EndProject
Global
	GlobalSection(SolutionConfigurationPlatforms) = preSolution
		Debug|Any CPU = Debug|Any CPU
		Release|Any CPU = Release|Any CPU
	EndGlobalSection
	GlobalSection(ProjectConfigurationPlatforms) = postSolution
		{AB74019D-79E2-435A-88A7-7E392EF30886}.Debug|Any CPU.ActiveCfg = Debug|Any CPU
		{AB74019D-79E2-435A-88A7-7E392EF30886}.Debug|Any CPU.Build.0 = Debug|Any CPU
		{AB74019D-79E2-435A-88A7-7E392EF30886}.Release|Any CPU.ActiveCfg = Release|Any CPU
		{AB74019D-79E2-435A-88A7-7E392EF30886}.Release|Any CPU.Build.0 = Release|Any CPU
		{53B030DF-4502-4B8E-AC80-6659F23C6779}.Debug|Any CPU.ActiveCfg = Debug|Any CPU
		{53B030DF-4502-4B8E-AC80-6659F23C6779}.Debug|Any CPU.Build.0 = Debug|Any CPU
		{53B030DF-4502-4B8E-AC80-6659F23C6779}.Release|Any CPU.ActiveCfg = Release|Any CPU
		{53B030DF-4502-4B8E-AC80-6659F23C6779}.Release|Any CPU.Build.0 = Release|Any CPU
		{AAFA0976-E992-47F3-91EB-65B8879D0F88}.Debug|Any CPU.ActiveCfg = Debug|Any CPU
		{AAFA0976-E992-47F3-91EB-65B8879D0F88}.Debug|Any CPU.Build.0 = Debug|Any CPU
		{AAFA0976-E992-47F3-91EB-65B8879D0F88}.Release|Any CPU.ActiveCfg = Release|Any CPU
		{AAFA0976-E992-47F3-91EB-65B8879D0F88}.Release|Any CPU.Build.0 = Release|Any CPU
	EndGlobalSection
	GlobalSection(SolutionProperties) = preSolution
		HideSolutionNode = FALSE
	EndGlobalSection
	GlobalSection(ExtensibilityGlobals) = postSolution
		SolutionGuid = {0A810327-E2FE-48FF-B4F7-680B31E5194B}
	EndGlobalSection
EndGlobal
